// !$*UTF8*$!
{
	archiveVersion = 1;
	classes = {
	};
	objectVersion = 50;
	objects = {

/* Begin PBXBuildFile section */
		86920338252910C2000160B8 /* AppDelegate.swift in Sources */ = {isa = PBXBuildFile; fileRef = 86920337252910C2000160B8 /* AppDelegate.swift */; };
		8692033D252910C2000160B8 /* Main.storyboard in Resources */ = {isa = PBXBuildFile; fileRef = 8692033B252910C2000160B8 /* Main.storyboard */; };
		8692033F252910C4000160B8 /* Assets.xcassets in Resources */ = {isa = PBXBuildFile; fileRef = 8692033E252910C4000160B8 /* Assets.xcassets */; };
		86920342252910C4000160B8 /* LaunchScreen.storyboard in Resources */ = {isa = PBXBuildFile; fileRef = 86920340252910C4000160B8 /* LaunchScreen.storyboard */; };
		8692034A252A1950000160B8 /* Utilities.swift in Sources */ = {isa = PBXBuildFile; fileRef = 86920349252A1950000160B8 /* Utilities.swift */; };
		8692034C252A1A90000160B8 /* SearchFlightVC.swift in Sources */ = {isa = PBXBuildFile; fileRef = 8692034B252A1A90000160B8 /* SearchFlightVC.swift */; };
		8692034E252A2396000160B8 /* SelectAirportVC.swift in Sources */ = {isa = PBXBuildFile; fileRef = 8692034D252A2396000160B8 /* SelectAirportVC.swift */; };
		86920356252A2DF9000160B8 /* StationCell.swift in Sources */ = {isa = PBXBuildFile; fileRef = 86920354252A2DF9000160B8 /* StationCell.swift */; };
		86920357252A2DF9000160B8 /* StationCell.xib in Resources */ = {isa = PBXBuildFile; fileRef = 86920355252A2DF9000160B8 /* StationCell.xib */; };
		86920359252A3350000160B8 /* Stations.swift in Sources */ = {isa = PBXBuildFile; fileRef = 86920358252A3350000160B8 /* Stations.swift */; };
		8692035D252B7156000160B8 /* FlightDetailsVC.swift in Sources */ = {isa = PBXBuildFile; fileRef = 8692035C252B7156000160B8 /* FlightDetailsVC.swift */; };
		86CD2BD8252E28B700C826E8 /* FlightClass.swift in Sources */ = {isa = PBXBuildFile; fileRef = 86CD2BD7252E28B700C826E8 /* FlightClass.swift */; };
		86CD2BDB252E291100C826E8 /* flightCell.swift in Sources */ = {isa = PBXBuildFile; fileRef = 86CD2BD9252E291100C826E8 /* flightCell.swift */; };
		86CD2BDC252E291100C826E8 /* flightCell.xib in Resources */ = {isa = PBXBuildFile; fileRef = 86CD2BDA252E291100C826E8 /* flightCell.xib */; };
		86E81533252CAFA1000EC145 /* NetworkCalls.swift in Sources */ = {isa = PBXBuildFile; fileRef = 86E81532252CAFA1000EC145 /* NetworkCalls.swift */; };
/* End PBXBuildFile section */

/* Begin PBXFileReference section */
		86920334252910C2000160B8 /* RyanairCodeTest.app */ = {isa = PBXFileReference; explicitFileType = wrapper.application; includeInIndex = 0; path = RyanairCodeTest.app; sourceTree = BUILT_PRODUCTS_DIR; };
		86920337252910C2000160B8 /* AppDelegate.swift */ = {isa = PBXFileReference; lastKnownFileType = sourcecode.swift; path = AppDelegate.swift; sourceTree = "<group>"; };
		8692033C252910C2000160B8 /* Base */ = {isa = PBXFileReference; lastKnownFileType = file.storyboard; name = Base; path = Base.lproj/Main.storyboard; sourceTree = "<group>"; };
		8692033E252910C4000160B8 /* Assets.xcassets */ = {isa = PBXFileReference; lastKnownFileType = folder.assetcatalog; path = Assets.xcassets; sourceTree = "<group>"; };
		86920341252910C4000160B8 /* Base */ = {isa = PBXFileReference; lastKnownFileType = file.storyboard; name = Base; path = Base.lproj/LaunchScreen.storyboard; sourceTree = "<group>"; };
		86920343252910C4000160B8 /* Info.plist */ = {isa = PBXFileReference; lastKnownFileType = text.plist.xml; path = Info.plist; sourceTree = "<group>"; };
		86920349252A1950000160B8 /* Utilities.swift */ = {isa = PBXFileReference; lastKnownFileType = sourcecode.swift; path = Utilities.swift; sourceTree = "<group>"; };
		8692034B252A1A90000160B8 /* SearchFlightVC.swift */ = {isa = PBXFileReference; lastKnownFileType = sourcecode.swift; path = SearchFlightVC.swift; sourceTree = "<group>"; };
		8692034D252A2396000160B8 /* SelectAirportVC.swift */ = {isa = PBXFileReference; lastKnownFileType = sourcecode.swift; path = SelectAirportVC.swift; sourceTree = "<group>"; };
		86920354252A2DF9000160B8 /* StationCell.swift */ = {isa = PBXFileReference; lastKnownFileType = sourcecode.swift; path = StationCell.swift; sourceTree = "<group>"; };
		86920355252A2DF9000160B8 /* StationCell.xib */ = {isa = PBXFileReference; lastKnownFileType = file.xib; path = StationCell.xib; sourceTree = "<group>"; };
		86920358252A3350000160B8 /* Stations.swift */ = {isa = PBXFileReference; lastKnownFileType = sourcecode.swift; path = Stations.swift; sourceTree = "<group>"; };
		8692035C252B7156000160B8 /* FlightDetailsVC.swift */ = {isa = PBXFileReference; lastKnownFileType = sourcecode.swift; path = FlightDetailsVC.swift; sourceTree = "<group>"; };
		86CD2BD7252E28B700C826E8 /* FlightClass.swift */ = {isa = PBXFileReference; lastKnownFileType = sourcecode.swift; path = FlightClass.swift; sourceTree = "<group>"; };
		86CD2BD9252E291100C826E8 /* flightCell.swift */ = {isa = PBXFileReference; lastKnownFileType = sourcecode.swift; path = flightCell.swift; sourceTree = "<group>"; };
		86CD2BDA252E291100C826E8 /* flightCell.xib */ = {isa = PBXFileReference; lastKnownFileType = file.xib; path = flightCell.xib; sourceTree = "<group>"; };
		86E81532252CAFA1000EC145 /* NetworkCalls.swift */ = {isa = PBXFileReference; lastKnownFileType = sourcecode.swift; path = NetworkCalls.swift; sourceTree = "<group>"; };
/* End PBXFileReference section */

/* Begin PBXFrameworksBuildPhase section */
		86920331252910C2000160B8 /* Frameworks */ = {
			isa = PBXFrameworksBuildPhase;
			buildActionMask = 2147483647;
			files = (
			);
			runOnlyForDeploymentPostprocessing = 0;
		};
/* End PBXFrameworksBuildPhase section */

/* Begin PBXGroup section */
		8692032B252910C2000160B8 = {
			isa = PBXGroup;
			children = (
				86920336252910C2000160B8 /* RyanairCodeTest */,
				86920335252910C2000160B8 /* Products */,
			);
			sourceTree = "<group>";
		};
		86920335252910C2000160B8 /* Products */ = {
			isa = PBXGroup;
			children = (
				86920334252910C2000160B8 /* RyanairCodeTest.app */,
			);
			name = Products;
			sourceTree = "<group>";
		};
		86920336252910C2000160B8 /* RyanairCodeTest */ = {
			isa = PBXGroup;
			children = (
				86CD2BDD252E2A0500C826E8 /* Classes & Structures */,
				86CD2BD6252E285200C826E8 /* Flight Table View Cell */,
				86CD2BD0252CF60D00C826E8 /* NetworkCalls */,
				86920337252910C2000160B8 /* AppDelegate.swift */,
				86920349252A1950000160B8 /* Utilities.swift */,
				8692033B252910C2000160B8 /* Main.storyboard */,
				86CD2BD3252E236300C826E8 /* Flight Details Page */,
				8692034B252A1A90000160B8 /* SearchFlightVC.swift */,
				86CD2BD4252E239500C826E8 /* Airport Selection Page */,
				8692034F252A2D3C000160B8 /* Stations Table View Cell */,
				8692033E252910C4000160B8 /* Assets.xcassets */,
				86920340252910C4000160B8 /* LaunchScreen.storyboard */,
				86920343252910C4000160B8 /* Info.plist */,
			);
			path = RyanairCodeTest;
			sourceTree = "<group>";
		};
		8692034F252A2D3C000160B8 /* Stations Table View Cell */ = {
			isa = PBXGroup;
			children = (
				86920354252A2DF9000160B8 /* StationCell.swift */,
				86920355252A2DF9000160B8 /* StationCell.xib */,
			);
			path = "Stations Table View Cell";
			sourceTree = "<group>";
		};
		86CD2BD0252CF60D00C826E8 /* NetworkCalls */ = {
			isa = PBXGroup;
			children = (
				86E81532252CAFA1000EC145 /* NetworkCalls.swift */,
			);
			path = NetworkCalls;
			sourceTree = "<group>";
		};
		86CD2BD3252E236300C826E8 /* Flight Details Page */ = {
			isa = PBXGroup;
			children = (
				8692035C252B7156000160B8 /* FlightDetailsVC.swift */,
			);
			path = "Flight Details Page";
			sourceTree = "<group>";
		};
		86CD2BD4252E239500C826E8 /* Airport Selection Page */ = {
			isa = PBXGroup;
			children = (
				8692034D252A2396000160B8 /* SelectAirportVC.swift */,
			);
			path = "Airport Selection Page";
			sourceTree = "<group>";
		};
		86CD2BD6252E285200C826E8 /* Flight Table View Cell */ = {
			isa = PBXGroup;
			children = (
				86CD2BD9252E291100C826E8 /* flightCell.swift */,
				86CD2BDA252E291100C826E8 /* flightCell.xib */,
			);
			path = "Flight Table View Cell";
			sourceTree = "<group>";
		};
		86CD2BDD252E2A0500C826E8 /* Classes & Structures */ = {
			isa = PBXGroup;
			children = (
				86920358252A3350000160B8 /* Stations.swift */,
				86CD2BD7252E28B700C826E8 /* FlightClass.swift */,
			);
			path = "Classes & Structures";
			sourceTree = "<group>";
		};
/* End PBXGroup section */

/* Begin PBXNativeTarget section */
		86920333252910C2000160B8 /* RyanairCodeTest */ = {
			isa = PBXNativeTarget;
			buildConfigurationList = 86920346252910C4000160B8 /* Build configuration list for PBXNativeTarget "RyanairCodeTest" */;
			buildPhases = (
				86920330252910C2000160B8 /* Sources */,
				86920331252910C2000160B8 /* Frameworks */,
				86920332252910C2000160B8 /* Resources */,
			);
			buildRules = (
			);
			dependencies = (
			);
			name = RyanairCodeTest;
			productName = RyanairCodeTest;
			productReference = 86920334252910C2000160B8 /* RyanairCodeTest.app */;
			productType = "com.apple.product-type.application";
		};
/* End PBXNativeTarget section */

/* Begin PBXProject section */
		8692032C252910C2000160B8 /* Project object */ = {
			isa = PBXProject;
			attributes = {
				LastSwiftUpdateCheck = 1030;
				LastUpgradeCheck = 1030;
				ORGANIZATIONNAME = "Shashank Chandran";
				TargetAttributes = {
					86920333252910C2000160B8 = {
						CreatedOnToolsVersion = 10.3;
					};
				};
			};
			buildConfigurationList = 8692032F252910C2000160B8 /* Build configuration list for PBXProject "RyanairCodeTest" */;
			compatibilityVersion = "Xcode 9.3";
			developmentRegion = en;
			hasScannedForEncodings = 0;
			knownRegions = (
				en,
				Base,
			);
			mainGroup = 8692032B252910C2000160B8;
			productRefGroup = 86920335252910C2000160B8 /* Products */;
			projectDirPath = "";
			projectRoot = "";
			targets = (
				86920333252910C2000160B8 /* RyanairCodeTest */,
			);
		};
/* End PBXProject section */

/* Begin PBXResourcesBuildPhase section */
		86920332252910C2000160B8 /* Resources */ = {
			isa = PBXResourcesBuildPhase;
			buildActionMask = 2147483647;
			files = (
				86920342252910C4000160B8 /* LaunchScreen.storyboard in Resources */,
				86CD2BDC252E291100C826E8 /* flightCell.xib in Resources */,
				8692033F252910C4000160B8 /* Assets.xcassets in Resources */,
				86920357252A2DF9000160B8 /* StationCell.xib in Resources */,
				8692033D252910C2000160B8 /* Main.storyboard in Resources */,
			);
			runOnlyForDeploymentPostprocessing = 0;
		};
/* End PBXResourcesBuildPhase section */

/* Begin PBXSourcesBuildPhase section */
		86920330252910C2000160B8 /* Sources */ = {
			isa = PBXSourcesBuildPhase;
			buildActionMask = 2147483647;
			files = (
				8692034C252A1A90000160B8 /* SearchFlightVC.swift in Sources */,
				86920356252A2DF9000160B8 /* StationCell.swift in Sources */,
				86E81533252CAFA1000EC145 /* NetworkCalls.swift in Sources */,
				86CD2BD8252E28B700C826E8 /* FlightClass.swift in Sources */,
				86CD2BDB252E291100C826E8 /* flightCell.swift in Sources */,
				8692034E252A2396000160B8 /* SelectAirportVC.swift in Sources */,
				86920338252910C2000160B8 /* AppDelegate.swift in Sources */,
				86920359252A3350000160B8 /* Stations.swift in Sources */,
				8692034A252A1950000160B8 /* Utilities.swift in Sources */,
				8692035D252B7156000160B8 /* FlightDetailsVC.swift in Sources */,
			);
			runOnlyForDeploymentPostprocessing = 0;
		};
/* End PBXSourcesBuildPhase section */

/* Begin PBXVariantGroup section */
		8692033B252910C2000160B8 /* Main.storyboard */ = {
			isa = PBXVariantGroup;
			children = (
				8692033C252910C2000160B8 /* Base */,
			);
			name = Main.storyboard;
			sourceTree = "<group>";
		};
		86920340252910C4000160B8 /* LaunchScreen.storyboard */ = {
			isa = PBXVariantGroup;
			children = (
				86920341252910C4000160B8 /* Base */,
			);
			name = LaunchScreen.storyboard;
			sourceTree = "<group>";
		};
/* End PBXVariantGroup section */

/* Begin XCBuildConfiguration section */
		86920344252910C4000160B8 /* Debug */ = {
			isa = XCBuildConfiguration;
			buildSettings = {
				ALWAYS_SEARCH_USER_PATHS = NO;
				CLANG_ANALYZER_NONNULL = YES;
				CLANG_ANALYZER_NUMBER_OBJECT_CONVERSION = YES_AGGRESSIVE;
				CLANG_CXX_LANGUAGE_STANDARD = "gnu++14";
				CLANG_CXX_LIBRARY = "libc++";
				CLANG_ENABLE_MODULES = YES;
				CLANG_ENABLE_OBJC_ARC = YES;
				CLANG_ENABLE_OBJC_WEAK = YES;
				CLANG_WARN_BLOCK_CAPTURE_AUTORELEASING = YES;
				CLANG_WARN_BOOL_CONVERSION = YES;
				CLANG_WARN_COMMA = YES;
				CLANG_WARN_CONSTANT_CONVERSION = YES;
				CLANG_WARN_DEPRECATED_OBJC_IMPLEMENTATIONS = YES;
				CLANG_WARN_DIRECT_OBJC_ISA_USAGE = YES_ERROR;
				CLANG_WARN_DOCUMENTATION_COMMENTS = YES;
				CLANG_WARN_EMPTY_BODY = YES;
				CLANG_WARN_ENUM_CONVERSION = YES;
				CLANG_WARN_INFINITE_RECURSION = YES;
				CLANG_WARN_INT_CONVERSION = YES;
				CLANG_WARN_NON_LITERAL_NULL_CONVERSION = YES;
				CLANG_WARN_OBJC_IMPLICIT_RETAIN_SELF = YES;
				CLANG_WARN_OBJC_LITERAL_CONVERSION = YES;
				CLANG_WARN_OBJC_ROOT_CLASS = YES_ERROR;
				CLANG_WARN_RANGE_LOOP_ANALYSIS = YES;
				CLANG_WARN_STRICT_PROTOTYPES = YES;
				CLANG_WARN_SUSPICIOUS_MOVE = YES;
				CLANG_WARN_UNGUARDED_AVAILABILITY = YES_AGGRESSIVE;
				CLANG_WARN_UNREACHABLE_CODE = YES;
				CLANG_WARN__DUPLICATE_METHOD_MATCH = YES;
				CODE_SIGN_IDENTITY = "iPhone Developer";
				COPY_PHASE_STRIP = NO;
				DEBUG_INFORMATION_FORMAT = dwarf;
				ENABLE_STRICT_OBJC_MSGSEND = YES;
				ENABLE_TESTABILITY = YES;
				GCC_C_LANGUAGE_STANDARD = gnu11;
				GCC_DYNAMIC_NO_PIC = NO;
				GCC_NO_COMMON_BLOCKS = YES;
				GCC_OPTIMIZATION_LEVEL = 0;
				GCC_PREPROCESSOR_DEFINITIONS = (
					"DEBUG=1",
					"$(inherited)",
				);
				GCC_WARN_64_TO_32_BIT_CONVERSION = YES;
				GCC_WARN_ABOUT_RETURN_TYPE = YES_ERROR;
				GCC_WARN_UNDECLARED_SELECTOR = YES;
				GCC_WARN_UNINITIALIZED_AUTOS = YES_AGGRESSIVE;
				GCC_WARN_UNUSED_FUNCTION = YES;
				GCC_WARN_UNUSED_VARIABLE = YES;
				IPHONEOS_DEPLOYMENT_TARGET = 12.4;
				MTL_ENABLE_DEBUG_INFO = INCLUDE_SOURCE;
				MTL_FAST_MATH = YES;
				ONLY_ACTIVE_ARCH = YES;
				SDKROOT = iphoneos;
				SWIFT_ACTIVE_COMPILATION_CONDITIONS = DEBUG;
				SWIFT_OPTIMIZATION_LEVEL = "-Onone";
			};
			name = Debug;
		};
		86920345252910C4000160B8 /* Release */ = {
			isa = XCBuildConfiguration;
			buildSettings = {
				ALWAYS_SEARCH_USER_PATHS = NO;
				CLANG_ANALYZER_NONNULL = YES;
				CLANG_ANALYZER_NUMBER_OBJECT_CONVERSION = YES_AGGRESSIVE;
				CLANG_CXX_LANGUAGE_STANDARD = "gnu++14";
				CLANG_CXX_LIBRARY = "libc++";
				CLANG_ENABLE_MODULES = YES;
				CLANG_ENABLE_OBJC_ARC = YES;
				CLANG_ENABLE_OBJC_WEAK = YES;
				CLANG_WARN_BLOCK_CAPTURE_AUTORELEASING = YES;
				CLANG_WARN_BOOL_CONVERSION = YES;
				CLANG_WARN_COMMA = YES;
				CLANG_WARN_CONSTANT_CONVERSION = YES;
				CLANG_WARN_DEPRECATED_OBJC_IMPLEMENTATIONS = YES;
				CLANG_WARN_DIRECT_OBJC_ISA_USAGE = YES_ERROR;
				CLANG_WARN_DOCUMENTATION_COMMENTS = YES;
				CLANG_WARN_EMPTY_BODY = YES;
				CLANG_WARN_ENUM_CONVERSION = YES;
				CLANG_WARN_INFINITE_RECURSION = YES;
				CLANG_WARN_INT_CONVERSION = YES;
				CLANG_WARN_NON_LITERAL_NULL_CONVERSION = YES;
				CLANG_WARN_OBJC_IMPLICIT_RETAIN_SELF = YES;
				CLANG_WARN_OBJC_LITERAL_CONVERSION = YES;
				CLANG_WARN_OBJC_ROOT_CLASS = YES_ERROR;
				CLANG_WARN_RANGE_LOOP_ANALYSIS = YES;
				CLANG_WARN_STRICT_PROTOTYPES = YES;
				CLANG_WARN_SUSPICIOUS_MOVE = YES;
				CLANG_WARN_UNGUARDED_AVAILABILITY = YES_AGGRESSIVE;
				CLANG_WARN_UNREACHABLE_CODE = YES;
				CLANG_WARN__DUPLICATE_METHOD_MATCH = YES;
				CODE_SIGN_IDENTITY = "iPhone Developer";
				COPY_PHASE_STRIP = NO;
				DEBUG_INFORMATION_FORMAT = "dwarf-with-dsym";
				ENABLE_NS_ASSERTIONS = NO;
				ENABLE_STRICT_OBJC_MSGSEND = YES;
				GCC_C_LANGUAGE_STANDARD = gnu11;
				GCC_NO_COMMON_BLOCKS = YES;
				GCC_WARN_64_TO_32_BIT_CONVERSION = YES;
				GCC_WARN_ABOUT_RETURN_TYPE = YES_ERROR;
				GCC_WARN_UNDECLARED_SELECTOR = YES;
				GCC_WARN_UNINITIALIZED_AUTOS = YES_AGGRESSIVE;
				GCC_WARN_UNUSED_FUNCTION = YES;
				GCC_WARN_UNUSED_VARIABLE = YES;
				IPHONEOS_DEPLOYMENT_TARGET = 12.4;
				MTL_ENABLE_DEBUG_INFO = NO;
				MTL_FAST_MATH = YES;
				SDKROOT = iphoneos;
				SWIFT_COMPILATION_MODE = wholemodule;
				SWIFT_OPTIMIZATION_LEVEL = "-O";
				VALIDATE_PRODUCT = YES;
			};
			name = Release;
		};
		86920347252910C4000160B8 /* Debug */ = {
			isa = XCBuildConfiguration;
			buildSettings = {
				ASSETCATALOG_COMPILER_APPICON_NAME = AppIcon;
				CODE_SIGN_STYLE = Automatic;
				DEVELOPMENT_TEAM = G6LNLR9M38;
				INFOPLIST_FILE = RyanairCodeTest/Info.plist;
				LD_RUNPATH_SEARCH_PATHS = (
					"$(inherited)",
					"@executable_path/Frameworks",
				);
				PRODUCT_BUNDLE_IDENTIFIER = Personal.RyanairCodeTest;
				PRODUCT_NAME = "$(TARGET_NAME)";
				SWIFT_VERSION = 5.0;
				TARGETED_DEVICE_FAMILY = "1,2";
			};
			name = Debug;
		};
		86920348252910C4000160B8 /* Release */ = {
			isa = XCBuildConfiguration;
			buildSettings = {
				ASSETCATALOG_COMPILER_APPICON_NAME = AppIcon;
				CODE_SIGN_STYLE = Automatic;
				DEVELOPMENT_TEAM = G6LNLR9M38;
				INFOPLIST_FILE = RyanairCodeTest/Info.plist;
				LD_RUNPATH_SEARCH_PATHS = (
					"$(inherited)",
					"@executable_path/Frameworks",
				);
				PRODUCT_BUNDLE_IDENTIFIER = Personal.RyanairCodeTest;
				PRODUCT_NAME = "$(TARGET_NAME)";
				SWIFT_VERSION = 5.0;
				TARGETED_DEVICE_FAMILY = "1,2";
			};
			name = Release;
		};
/* End XCBuildConfiguration section */

/* Begin XCConfigurationList section */
		8692032F252910C2000160B8 /* Build configuration list for PBXProject "RyanairCodeTest" */ = {
			isa = XCConfigurationList;
			buildConfigurations = (
				86920344252910C4000160B8 /* Debug */,
				86920345252910C4000160B8 /* Release */,
			);
			defaultConfigurationIsVisible = 0;
			defaultConfigurationName = Release;
		};
		86920346252910C4000160B8 /* Build configuration list for PBXNativeTarget "RyanairCodeTest" */ = {
			isa = XCConfigurationList;
			buildConfigurations = (
				86920347252910C4000160B8 /* Debug */,
				86920348252910C4000160B8 /* Release */,
			);
			defaultConfigurationIsVisible = 0;
			defaultConfigurationName = Release;
		};
/* End XCConfigurationList section */
	};
	rootObject = 8692032C252910C2000160B8 /* Project object */;
}
